{
  "object": {
    "pins": [
      {
        "package": "DebugPane",
        "repositoryURL": "https://github.com/antranapp/DebugPane",
        "state": {
          "branch": "master",
          "revision": "6fb746b07c0af46f2b693a582e0425682ea88cfb",
          "version": null
        }
      },
      {
        "package": "LocalConsole",
        "repositoryURL": "https://github.com/duraidabdul/LocalConsole",
        "state": {
          "branch": "main",
          "revision": "d995119198d9c4379ac5b2e023452dbde9162ce0",
          "version": null
        }
      },
      {
        "package": "TweakPane",
        "repositoryURL": "https://github.com/antranapp/TweakPane",
        "state": {
          "branch": "master",
          "revision": "d9627f8b172d4ae10213c2d8718b128bd67ea322",
          "version": null
        }
      }
    ]
  },
  "version": 1
}
